#include <iostream>
using namespace std;
int main()
{
    cout << "*****************************" << endl;
    string Name = "Abdulah Labbad.";
    unsigned short Age = 20;
    string City = "Syria";
    string Country = "Damascus";
    float ManthlySalary = 5000;
    float YearlySalary = ManthlySalary * 12;
    char Gender = 'M';
    bool Married = true;

    cout << "Name : " << Name << endl;
    cout << "Age : " << Age << "years" << endl;
    cout << "City : " << City << endl;
    cout << "Country : " << Country << endl;
    cout << "ManthlySalary : " << ManthlySalary << endl;
    cout << "YearlySalary : " << YearlySalary << endl;
    cout << "Gender : " << Gender << endl;
    cout << "Married : " << Married << endl;
    cout << "*****************************" << endl;

    int num1 = 20;
    int num2 = 30;
    int num3 = 10;
    int sum = num1 + num2 + num3;
    cout << num1 << "+" << endl;
    cout << num2 << "+" << endl;
    cout << num3 << endl;
    cout << "------------------" << endl;
    cout << "Total = " << sum << endl;
    cout << "*****************************" << endl;

    unsigned short _Age = 25;
    unsigned short AgeAfter5Year = _Age + 5;
    cout << "After 5 years you will be " << AgeAfter5Year << " years old." << endl;
}
