
Microsoft Visual Studio Solution File, Format Version 12.00
# Visual Studio Version 17
VisualStudioVersion = 17.7.34221.43
MinimumVisualStudioVersion = 10.0.40219.1
Project("{8BC9CEB8-8B4A-11D0-8D11-00A0C91BC942}") = "Print Data", "Print Data\Print Data.vcxproj", "{7666B79D-25AA-4B04-A918-15BCD493E86D}"
EndProject
Global
	GlobalSection(SolutionConfigurationPlatforms) = preSolution
		Debug|x64 = Debug|x64
		Debug|x86 = Debug|x86
		Release|x64 = Release|x64
		Release|x86 = Release|x86
	EndGlobalSection
	GlobalSection(ProjectConfigurationPlatforms) = postSolution
		{7666B79D-25AA-4B04-A918-15BCD493E86D}.Debug|x64.ActiveCfg = Debug|x64
		{7666B79D-25AA-4B04-A918-15BCD493E86D}.Debug|x64.Build.0 = Debug|x64
		{7666B79D-25AA-4B04-A918-15BCD493E86D}.Debug|x86.ActiveCfg = Debug|Win32
		{7666B79D-25AA-4B04-A918-15BCD493E86D}.Debug|x86.Build.0 = Debug|Win32
		{7666B79D-25AA-4B04-A918-15BCD493E86D}.Release|x64.ActiveCfg = Release|x64
		{7666B79D-25AA-4B04-A918-15BCD493E86D}.Release|x64.Build.0 = Release|x64
		{7666B79D-25AA-4B04-A918-15BCD493E86D}.Release|x86.ActiveCfg = Release|Win32
		{7666B79D-25AA-4B04-A918-15BCD493E86D}.Release|x86.Build.0 = Release|Win32
	EndGlobalSection
	GlobalSection(SolutionProperties) = preSolution
		HideSolutionNode = FALSE
	EndGlobalSection
	GlobalSection(ExtensibilityGlobals) = postSolution
		SolutionGuid = {B4B2CBA5-9FA2-4D0C-936E-D8CB1B048C54}
	EndGlobalSection
EndGlobal
